
Microsoft Visual Studio Solution File, Format Version 12.00
# Visual Studio Version 17
VisualStudioVersion = 17.4.33213.308
MinimumVisualStudioVersion = 10.0.40219.1
Project("{FAE04EC0-301F-11D3-BF4B-00C04F79EFBC}") = "Zalo.Tet.Api", "Zalo.Tet.Api\Zalo.Tet.Api.csproj", "{ED755824-CF18-4984-A9F0-0BE2103B2165}"
EndProject
Global
	GlobalSection(SolutionConfigurationPlatforms) = preSolution
		Debug|Any CPU = Debug|Any CPU
		Release|Any CPU = Release|Any CPU
	EndGlobalSection
	GlobalSection(ProjectConfigurationPlatforms) = postSolution
		{ED755824-CF18-4984-A9F0-0BE2103B2165}.Debug|Any CPU.ActiveCfg = Debug|Any CPU
		{ED755824-CF18-4984-A9F0-0BE2103B2165}.Debug|Any CPU.Build.0 = Debug|Any CPU
		{ED755824-CF18-4984-A9F0-0BE2103B2165}.Release|Any CPU.ActiveCfg = Release|Any CPU
		{ED755824-CF18-4984-A9F0-0BE2103B2165}.Release|Any CPU.Build.0 = Release|Any CPU
	EndGlobalSection
	GlobalSection(SolutionProperties) = preSolution
		HideSolutionNode = FALSE
	EndGlobalSection
	GlobalSection(ExtensibilityGlobals) = postSolution
		SolutionGuid = {F7EE9F3B-06E6-41F9-B5D4-88202BFB9272}
	EndGlobalSection
EndGlobal
